{
    "name": "flask-playwright-api",
    "version": "1.0.0",
    "lockfileVersion": 3,
    "requires": true,
    "packages": {
        "": {
            "name": "flask-playwright-api",
            "version": "1.0.0",
            "dependencies": {
                "flask": "^0.2.10",
                "flask-cors": "^0.0.1",
                "playwright": "^1.37.0"
            },
            "engines": {
                "node": ">=16.0.0"
            }
        },
        "node_modules/flask": {
            "version": "0.2.10",
            "resolved": "https://registry.npmjs.org/flask/-/flask-0.2.10.tgz",
            "integrity": "sha512-Zy69KIuFsoX0o2W5uDHHk1GHMwRT8QT0AboPQY7b1soCfJ2pfwKxHF2AGVwJmDUjzawgOavoY/UsXnZ7fk3lVQ==",
            "license": "MIT"
        },
        "node_modules/flask-cors": {
            "version": "0.0.1",
            "resolved": "https://registry.npmjs.org/flask-cors/-/flask-cors-0.0.1.tgz",
            "integrity": "sha512-ZEhUp1JH+Qxru2yOhsRhIgA18QR7D4S2wQtOqu28PvfeDFzz97Fu6M1fUXsjDwkEqSTuKdmJ34aCuYEr8dWthA==",
            "license": "ISC"
        },
        "node_modules/fsevents": {
            "version": "2.3.2",
            "resolved": "https://registry.npmjs.org/fsevents/-/fsevents-2.3.2.tgz",
            "integrity": "sha512-xiqMQR4xAeHTuB9uWm+fFRcIOgKBMiOBP+eXiyT7jsgVCq1bkVygt00oASowB7EdtpOHaaPgKt812P9ab+DDKA==",
            "hasInstallScript": true,
            "license": "MIT",
            "optional": true,
            "os": [
                "darwin"
            ],
            "engines": {
                "node": "^8.16.0 || ^10.6.0 || >=11.0.0"
            }
        },
        "node_modules/playwright": {
            "version": "1.49.1",
            "resolved": "https://registry.npmjs.org/playwright/-/playwright-1.49.1.tgz",
            "integrity": "sha512-VYL8zLoNTBxVOrJBbDuRgDWa3i+mfQgDTrL8Ah9QXZ7ax4Dsj0MSq5bYgytRnDVVe+njoKnfsYkH3HzqVj5UZA==",
            "license": "Apache-2.0",
            "dependencies": {
                "playwright-core": "1.49.1"
            },
            "bin": {
                "playwright": "cli.js"
            },
            "engines": {
                "node": ">=18"
            },
            "optionalDependencies": {
                "fsevents": "2.3.2"
            }
        },
        "node_modules/playwright-core": {
            "version": "1.49.1",
            "resolved": "https://registry.npmjs.org/playwright-core/-/playwright-core-1.49.1.tgz",
            "integrity": "sha512-BzmpVcs4kE2CH15rWfzpjzVGhWERJfmnXmniSyKeRZUs9Ws65m+RGIi7mjJK/euCegfn3i7jvqWeWyHe9y3Vgg==",
            "license": "Apache-2.0",
            "bin": {
                "playwright-core": "cli.js"
            },
            "engines": {
                "node": ">=18"
            }
        }
    }
}
